
Microsoft Visual Studio Solution File, Format Version 12.00
# Visual Studio 2012
VisualStudioVersion = 12.0.30723.0
MinimumVisualStudioVersion = 10.0.40219.1
Project("{FAE04EC0-301F-11D3-BF4B-00C04F79EFBC}") = "SimpleTodoAppXamarin.Core", "SimpleTodoAppXamarin\SimpleTodoAppXamarin\SimpleTodoAppXamarin.Core.csproj", "{F367C9E1-17D8-43CF-9438-DC6555EAC91F}"
EndProject
Project("{FAE04EC0-301F-11D3-BF4B-00C04F79EFBC}") = "SimpleTodoAppXamarin.iOS", "SimpleTodoAppXamarin\SimpleTodoAppXamarin.iOS\SimpleTodoAppXamarin.iOS.csproj", "{60729C53-820C-4CC1-9015-1DD1B98960D0}"
EndProject
Project("{FAE04EC0-301F-11D3-BF4B-00C04F79EFBC}") = "SimpleTodoAppXamarin.Android", "SimpleTodoAppXamarin\SimpleTodoAppXamarin.Android\SimpleTodoAppXamarin.Android.csproj", "{92EF5068-6765-4691-A350-731B06208BD8}"
EndProject
Project("{FAE04EC0-301F-11D3-BF4B-00C04F79EFBC}") = "SimpleTodoAppXamarin.WinPhone", "SimpleTodoAppXamarin\SimpleTodoAppXamarin.WinPhone\SimpleTodoAppXamarin.WinPhone.csproj", "{7F2BB710-C8E9-486D-AB8C-17783756DC15}"
EndProject
Global
	GlobalSection(SolutionConfigurationPlatforms) = preSolution
		Ad-Hoc|Any CPU = Ad-Hoc|Any CPU
		Ad-Hoc|ARM = Ad-Hoc|ARM
		Ad-Hoc|iPhone = Ad-Hoc|iPhone
		Ad-Hoc|iPhoneSimulator = Ad-Hoc|iPhoneSimulator
		Ad-Hoc|Mixed Platforms = Ad-Hoc|Mixed Platforms
		Ad-Hoc|x86 = Ad-Hoc|x86
		AppStore|Any CPU = AppStore|Any CPU
		AppStore|ARM = AppStore|ARM
		AppStore|iPhone = AppStore|iPhone
		AppStore|iPhoneSimulator = AppStore|iPhoneSimulator
		AppStore|Mixed Platforms = AppStore|Mixed Platforms
		AppStore|x86 = AppStore|x86
		Debug|Any CPU = Debug|Any CPU
		Debug|ARM = Debug|ARM
		Debug|iPhone = Debug|iPhone
		Debug|iPhoneSimulator = Debug|iPhoneSimulator
		Debug|Mixed Platforms = Debug|Mixed Platforms
		Debug|x86 = Debug|x86
		Release|Any CPU = Release|Any CPU
		Release|ARM = Release|ARM
		Release|iPhone = Release|iPhone
		Release|iPhoneSimulator = Release|iPhoneSimulator
		Release|Mixed Platforms = Release|Mixed Platforms
		Release|x86 = Release|x86
	EndGlobalSection
	GlobalSection(ProjectConfigurationPlatforms) = postSolution
		{60729C53-820C-4CC1-9015-1DD1B98960D0}.Ad-Hoc|Any CPU.ActiveCfg = Ad-Hoc|iPhone
		{60729C53-820C-4CC1-9015-1DD1B98960D0}.Ad-Hoc|ARM.ActiveCfg = Ad-Hoc|iPhone
		{60729C53-820C-4CC1-9015-1DD1B98960D0}.Ad-Hoc|iPhone.ActiveCfg = Ad-Hoc|iPhone
		{60729C53-820C-4CC1-9015-1DD1B98960D0}.Ad-Hoc|iPhone.Build.0 = Ad-Hoc|iPhone
		{60729C53-820C-4CC1-9015-1DD1B98960D0}.Ad-Hoc|iPhone.Deploy.0 = Ad-Hoc|iPhone
		{60729C53-820C-4CC1-9015-1DD1B98960D0}.Ad-Hoc|iPhoneSimulator.ActiveCfg = Ad-Hoc|iPhoneSimulator
		{60729C53-820C-4CC1-9015-1DD1B98960D0}.Ad-Hoc|iPhoneSimulator.Build.0 = Ad-Hoc|iPhoneSimulator
		{60729C53-820C-4CC1-9015-1DD1B98960D0}.Ad-Hoc|iPhoneSimulator.Deploy.0 = Ad-Hoc|iPhoneSimulator
		{60729C53-820C-4CC1-9015-1DD1B98960D0}.Ad-Hoc|Mixed Platforms.ActiveCfg = Ad-Hoc|iPhone
		{60729C53-820C-4CC1-9015-1DD1B98960D0}.Ad-Hoc|Mixed Platforms.Build.0 = Ad-Hoc|iPhone
		{60729C53-820C-4CC1-9015-1DD1B98960D0}.Ad-Hoc|Mixed Platforms.Deploy.0 = Ad-Hoc|iPhone
		{60729C53-820C-4CC1-9015-1DD1B98960D0}.Ad-Hoc|x86.ActiveCfg = Ad-Hoc|iPhone
		{60729C53-820C-4CC1-9015-1DD1B98960D0}.AppStore|Any CPU.ActiveCfg = AppStore|iPhone
		{60729C53-820C-4CC1-9015-1DD1B98960D0}.AppStore|ARM.ActiveCfg = AppStore|iPhone
		{60729C53-820C-4CC1-9015-1DD1B98960D0}.AppStore|iPhone.ActiveCfg = AppStore|iPhone
		{60729C53-820C-4CC1-9015-1DD1B98960D0}.AppStore|iPhone.Build.0 = AppStore|iPhone
		{60729C53-820C-4CC1-9015-1DD1B98960D0}.AppStore|iPhone.Deploy.0 = AppStore|iPhone
		{60729C53-820C-4CC1-9015-1DD1B98960D0}.AppStore|iPhoneSimulator.ActiveCfg = AppStore|iPhoneSimulator
		{60729C53-820C-4CC1-9015-1DD1B98960D0}.AppStore|iPhoneSimulator.Build.0 = AppStore|iPhoneSimulator
		{60729C53-820C-4CC1-9015-1DD1B98960D0}.AppStore|iPhoneSimulator.Deploy.0 = AppStore|iPhoneSimulator
		{60729C53-820C-4CC1-9015-1DD1B98960D0}.AppStore|Mixed Platforms.ActiveCfg = AppStore|iPhone
		{60729C53-820C-4CC1-9015-1DD1B98960D0}.AppStore|Mixed Platforms.Build.0 = AppStore|iPhone
		{60729C53-820C-4CC1-9015-1DD1B98960D0}.AppStore|Mixed Platforms.Deploy.0 = AppStore|iPhone
		{60729C53-820C-4CC1-9015-1DD1B98960D0}.AppStore|x86.ActiveCfg = AppStore|iPhone
		{60729C53-820C-4CC1-9015-1DD1B98960D0}.Debug|Any CPU.ActiveCfg = Debug|iPhone
		{60729C53-820C-4CC1-9015-1DD1B98960D0}.Debug|ARM.ActiveCfg = Debug|iPhone
		{60729C53-820C-4CC1-9015-1DD1B98960D0}.Debug|iPhone.ActiveCfg = Debug|iPhone
		{60729C53-820C-4CC1-9015-1DD1B98960D0}.Debug|iPhone.Build.0 = Debug|iPhone
		{60729C53-820C-4CC1-9015-1DD1B98960D0}.Debug|iPhone.Deploy.0 = Debug|iPhone
		{60729C53-820C-4CC1-9015-1DD1B98960D0}.Debug|iPhoneSimulator.ActiveCfg = Debug|iPhoneSimulator
		{60729C53-820C-4CC1-9015-1DD1B98960D0}.Debug|iPhoneSimulator.Build.0 = Debug|iPhoneSimulator
		{60729C53-820C-4CC1-9015-1DD1B98960D0}.Debug|iPhoneSimulator.Deploy.0 = Debug|iPhoneSimulator
		{60729C53-820C-4CC1-9015-1DD1B98960D0}.Debug|Mixed Platforms.ActiveCfg = Debug|iPhone
		{60729C53-820C-4CC1-9015-1DD1B98960D0}.Debug|Mixed Platforms.Build.0 = Debug|iPhone
		{60729C53-820C-4CC1-9015-1DD1B98960D0}.Debug|Mixed Platforms.Deploy.0 = Debug|iPhone
		{60729C53-820C-4CC1-9015-1DD1B98960D0}.Debug|x86.ActiveCfg = Debug|iPhone
		{60729C53-820C-4CC1-9015-1DD1B98960D0}.Release|Any CPU.ActiveCfg = Release|iPhone
		{60729C53-820C-4CC1-9015-1DD1B98960D0}.Release|ARM.ActiveCfg = Release|iPhone
		{60729C53-820C-4CC1-9015-1DD1B98960D0}.Release|iPhone.ActiveCfg = Release|iPhone
		{60729C53-820C-4CC1-9015-1DD1B98960D0}.Release|iPhone.Build.0 = Release|iPhone
		{60729C53-820C-4CC1-9015-1DD1B98960D0}.Release|iPhone.Deploy.0 = Release|iPhone
		{60729C53-820C-4CC1-9015-1DD1B98960D0}.Release|iPhoneSimulator.ActiveCfg = Release|iPhoneSimulator
		{60729C53-820C-4CC1-9015-1DD1B98960D0}.Release|iPhoneSimulator.Build.0 = Release|iPhoneSimulator
		{60729C53-820C-4CC1-9015-1DD1B98960D0}.Release|iPhoneSimulator.Deploy.0 = Release|iPhoneSimulator
		{60729C53-820C-4CC1-9015-1DD1B98960D0}.Release|Mixed Platforms.ActiveCfg = Release|iPhone
		{60729C53-820C-4CC1-9015-1DD1B98960D0}.Release|Mixed Platforms.Build.0 = Release|iPhone
		{60729C53-820C-4CC1-9015-1DD1B98960D0}.Release|Mixed Platforms.Deploy.0 = Release|iPhone
		{60729C53-820C-4CC1-9015-1DD1B98960D0}.Release|x86.ActiveCfg = Release|iPhone
		{7F2BB710-C8E9-486D-AB8C-17783756DC15}.Ad-Hoc|Any CPU.ActiveCfg = Release|Any CPU
		{7F2BB710-C8E9-486D-AB8C-17783756DC15}.Ad-Hoc|Any CPU.Build.0 = Release|Any CPU
		{7F2BB710-C8E9-486D-AB8C-17783756DC15}.Ad-Hoc|Any CPU.Deploy.0 = Release|Any CPU
		{7F2BB710-C8E9-486D-AB8C-17783756DC15}.Ad-Hoc|ARM.ActiveCfg = Release|ARM
		{7F2BB710-C8E9-486D-AB8C-17783756DC15}.Ad-Hoc|ARM.Build.0 = Release|ARM
		{7F2BB710-C8E9-486D-AB8C-17783756DC15}.Ad-Hoc|ARM.Deploy.0 = Release|ARM
		{7F2BB710-C8E9-486D-AB8C-17783756DC15}.Ad-Hoc|iPhone.ActiveCfg = Release|Any CPU
		{7F2BB710-C8E9-486D-AB8C-17783756DC15}.Ad-Hoc|iPhoneSimulator.ActiveCfg = Release|Any CPU
		{7F2BB710-C8E9-486D-AB8C-17783756DC15}.Ad-Hoc|Mixed Platforms.ActiveCfg = Release|x86
		{7F2BB710-C8E9-486D-AB8C-17783756DC15}.Ad-Hoc|Mixed Platforms.Build.0 = Release|x86
		{7F2BB710-C8E9-486D-AB8C-17783756DC15}.Ad-Hoc|Mixed Platforms.Deploy.0 = Release|x86
		{7F2BB710-C8E9-486D-AB8C-17783756DC15}.Ad-Hoc|x86.ActiveCfg = Release|x86
		{7F2BB710-C8E9-486D-AB8C-17783756DC15}.Ad-Hoc|x86.Build.0 = Release|x86
		{7F2BB710-C8E9-486D-AB8C-17783756DC15}.Ad-Hoc|x86.Deploy.0 = Release|x86
		{7F2BB710-C8E9-486D-AB8C-17783756DC15}.AppStore|Any CPU.ActiveCfg = Release|Any CPU
		{7F2BB710-C8E9-486D-AB8C-17783756DC15}.AppStore|Any CPU.Build.0 = Release|Any CPU
		{7F2BB710-C8E9-486D-AB8C-17783756DC15}.AppStore|Any CPU.Deploy.0 = Release|Any CPU
		{7F2BB710-C8E9-486D-AB8C-17783756DC15}.AppStore|ARM.ActiveCfg = Release|ARM
		{7F2BB710-C8E9-486D-AB8C-17783756DC15}.AppStore|ARM.Build.0 = Release|ARM
		{7F2BB710-C8E9-486D-AB8C-17783756DC15}.AppStore|ARM.Deploy.0 = Release|ARM
		{7F2BB710-C8E9-486D-AB8C-17783756DC15}.AppStore|iPhone.ActiveCfg = Release|Any CPU
		{7F2BB710-C8E9-486D-AB8C-17783756DC15}.AppStore|iPhoneSimulator.ActiveCfg = Release|Any CPU
		{7F2BB710-C8E9-486D-AB8C-17783756DC15}.AppStore|Mixed Platforms.ActiveCfg = Release|x86
		{7F2BB710-C8E9-486D-AB8C-17783756DC15}.AppStore|Mixed Platforms.Build.0 = Release|x86
		{7F2BB710-C8E9-486D-AB8C-17783756DC15}.AppStore|Mixed Platforms.Deploy.0 = Release|x86
		{7F2BB710-C8E9-486D-AB8C-17783756DC15}.AppStore|x86.ActiveCfg = Release|x86
		{7F2BB710-C8E9-486D-AB8C-17783756DC15}.AppStore|x86.Build.0 = Release|x86
		{7F2BB710-C8E9-486D-AB8C-17783756DC15}.AppStore|x86.Deploy.0 = Release|x86
		{7F2BB710-C8E9-486D-AB8C-17783756DC15}.Debug|Any CPU.ActiveCfg = Debug|Any CPU
		{7F2BB710-C8E9-486D-AB8C-17783756DC15}.Debug|Any CPU.Build.0 = Debug|Any CPU
		{7F2BB710-C8E9-486D-AB8C-17783756DC15}.Debug|Any CPU.Deploy.0 = Debug|Any CPU
		{7F2BB710-C8E9-486D-AB8C-17783756DC15}.Debug|ARM.ActiveCfg = Debug|ARM
		{7F2BB710-C8E9-486D-AB8C-17783756DC15}.Debug|ARM.Build.0 = Debug|ARM
		{7F2BB710-C8E9-486D-AB8C-17783756DC15}.Debug|ARM.Deploy.0 = Debug|ARM
		{7F2BB710-C8E9-486D-AB8C-17783756DC15}.Debug|iPhone.ActiveCfg = Debug|Any CPU
		{7F2BB710-C8E9-486D-AB8C-17783756DC15}.Debug|iPhoneSimulator.ActiveCfg = Debug|Any CPU
		{7F2BB710-C8E9-486D-AB8C-17783756DC15}.Debug|Mixed Platforms.ActiveCfg = Debug|x86
		{7F2BB710-C8E9-486D-AB8C-17783756DC15}.Debug|x86.ActiveCfg = Debug|x86
		{7F2BB710-C8E9-486D-AB8C-17783756DC15}.Debug|x86.Build.0 = Debug|x86
		{7F2BB710-C8E9-486D-AB8C-17783756DC15}.Debug|x86.Deploy.0 = Debug|x86
		{7F2BB710-C8E9-486D-AB8C-17783756DC15}.Release|Any CPU.ActiveCfg = Release|Any CPU
		{7F2BB710-C8E9-486D-AB8C-17783756DC15}.Release|Any CPU.Build.0 = Release|Any CPU
		{7F2BB710-C8E9-486D-AB8C-17783756DC15}.Release|Any CPU.Deploy.0 = Release|Any CPU
		{7F2BB710-C8E9-486D-AB8C-17783756DC15}.Release|ARM.ActiveCfg = Release|ARM
		{7F2BB710-C8E9-486D-AB8C-17783756DC15}.Release|ARM.Build.0 = Release|ARM
		{7F2BB710-C8E9-486D-AB8C-17783756DC15}.Release|ARM.Deploy.0 = Release|ARM
		{7F2BB710-C8E9-486D-AB8C-17783756DC15}.Release|iPhone.ActiveCfg = Release|Any CPU
		{7F2BB710-C8E9-486D-AB8C-17783756DC15}.Release|iPhoneSimulator.ActiveCfg = Release|Any CPU
		{7F2BB710-C8E9-486D-AB8C-17783756DC15}.Release|Mixed Platforms.ActiveCfg = Release|x86
		{7F2BB710-C8E9-486D-AB8C-17783756DC15}.Release|Mixed Platforms.Build.0 = Release|x86
		{7F2BB710-C8E9-486D-AB8C-17783756DC15}.Release|Mixed Platforms.Deploy.0 = Release|x86
		{7F2BB710-C8E9-486D-AB8C-17783756DC15}.Release|x86.ActiveCfg = Release|x86
		{7F2BB710-C8E9-486D-AB8C-17783756DC15}.Release|x86.Build.0 = Release|x86
		{7F2BB710-C8E9-486D-AB8C-17783756DC15}.Release|x86.Deploy.0 = Release|x86
		{92EF5068-6765-4691-A350-731B06208BD8}.Ad-Hoc|Any CPU.ActiveCfg = Release|Any CPU
		{92EF5068-6765-4691-A350-731B06208BD8}.Ad-Hoc|Any CPU.Build.0 = Release|Any CPU
		{92EF5068-6765-4691-A350-731B06208BD8}.Ad-Hoc|Any CPU.Deploy.0 = Release|Any CPU
		{92EF5068-6765-4691-A350-731B06208BD8}.Ad-Hoc|ARM.ActiveCfg = Release|Any CPU
		{92EF5068-6765-4691-A350-731B06208BD8}.Ad-Hoc|iPhone.ActiveCfg = Release|Any CPU
		{92EF5068-6765-4691-A350-731B06208BD8}.Ad-Hoc|iPhoneSimulator.ActiveCfg = Release|Any CPU
		{92EF5068-6765-4691-A350-731B06208BD8}.Ad-Hoc|Mixed Platforms.ActiveCfg = Release|Any CPU
		{92EF5068-6765-4691-A350-731B06208BD8}.Ad-Hoc|Mixed Platforms.Build.0 = Release|Any CPU
		{92EF5068-6765-4691-A350-731B06208BD8}.Ad-Hoc|Mixed Platforms.Deploy.0 = Release|Any CPU
		{92EF5068-6765-4691-A350-731B06208BD8}.Ad-Hoc|x86.ActiveCfg = Release|Any CPU
		{92EF5068-6765-4691-A350-731B06208BD8}.AppStore|Any CPU.ActiveCfg = Release|Any CPU
		{92EF5068-6765-4691-A350-731B06208BD8}.AppStore|Any CPU.Build.0 = Release|Any CPU
		{92EF5068-6765-4691-A350-731B06208BD8}.AppStore|Any CPU.Deploy.0 = Release|Any CPU
		{92EF5068-6765-4691-A350-731B06208BD8}.AppStore|ARM.ActiveCfg = Release|Any CPU
		{92EF5068-6765-4691-A350-731B06208BD8}.AppStore|iPhone.ActiveCfg = Release|Any CPU
		{92EF5068-6765-4691-A350-731B06208BD8}.AppStore|iPhoneSimulator.ActiveCfg = Release|Any CPU
		{92EF5068-6765-4691-A350-731B06208BD8}.AppStore|Mixed Platforms.ActiveCfg = Release|Any CPU
		{92EF5068-6765-4691-A350-731B06208BD8}.AppStore|Mixed Platforms.Build.0 = Release|Any CPU
		{92EF5068-6765-4691-A350-731B06208BD8}.AppStore|Mixed Platforms.Deploy.0 = Release|Any CPU
		{92EF5068-6765-4691-A350-731B06208BD8}.AppStore|x86.ActiveCfg = Release|Any CPU
		{92EF5068-6765-4691-A350-731B06208BD8}.Debug|Any CPU.ActiveCfg = Debug|Any CPU
		{92EF5068-6765-4691-A350-731B06208BD8}.Debug|Any CPU.Build.0 = Debug|Any CPU
		{92EF5068-6765-4691-A350-731B06208BD8}.Debug|Any CPU.Deploy.0 = Debug|Any CPU
		{92EF5068-6765-4691-A350-731B06208BD8}.Debug|ARM.ActiveCfg = Debug|Any CPU
		{92EF5068-6765-4691-A350-731B06208BD8}.Debug|iPhone.ActiveCfg = Debug|Any CPU
		{92EF5068-6765-4691-A350-731B06208BD8}.Debug|iPhoneSimulator.ActiveCfg = Debug|Any CPU
		{92EF5068-6765-4691-A350-731B06208BD8}.Debug|Mixed Platforms.ActiveCfg = Debug|Any CPU
		{92EF5068-6765-4691-A350-731B06208BD8}.Debug|x86.ActiveCfg = Debug|Any CPU
		{92EF5068-6765-4691-A350-731B06208BD8}.Release|Any CPU.ActiveCfg = Release|Any CPU
		{92EF5068-6765-4691-A350-731B06208BD8}.Release|Any CPU.Build.0 = Release|Any CPU
		{92EF5068-6765-4691-A350-731B06208BD8}.Release|Any CPU.Deploy.0 = Release|Any CPU
		{92EF5068-6765-4691-A350-731B06208BD8}.Release|ARM.ActiveCfg = Release|Any CPU
		{92EF5068-6765-4691-A350-731B06208BD8}.Release|iPhone.ActiveCfg = Release|Any CPU
		{92EF5068-6765-4691-A350-731B06208BD8}.Release|iPhoneSimulator.ActiveCfg = Release|Any CPU
		{92EF5068-6765-4691-A350-731B06208BD8}.Release|Mixed Platforms.ActiveCfg = Release|Any CPU
		{92EF5068-6765-4691-A350-731B06208BD8}.Release|Mixed Platforms.Build.0 = Release|Any CPU
		{92EF5068-6765-4691-A350-731B06208BD8}.Release|Mixed Platforms.Deploy.0 = Release|Any CPU
		{92EF5068-6765-4691-A350-731B06208BD8}.Release|x86.ActiveCfg = Release|Any CPU
		{F367C9E1-17D8-43CF-9438-DC6555EAC91F}.Ad-Hoc|Any CPU.ActiveCfg = Release|Any CPU
		{F367C9E1-17D8-43CF-9438-DC6555EAC91F}.Ad-Hoc|Any CPU.Build.0 = Release|Any CPU
		{F367C9E1-17D8-43CF-9438-DC6555EAC91F}.Ad-Hoc|ARM.ActiveCfg = Release|Any CPU
		{F367C9E1-17D8-43CF-9438-DC6555EAC91F}.Ad-Hoc|iPhone.ActiveCfg = Release|Any CPU
		{F367C9E1-17D8-43CF-9438-DC6555EAC91F}.Ad-Hoc|iPhoneSimulator.ActiveCfg = Release|Any CPU
		{F367C9E1-17D8-43CF-9438-DC6555EAC91F}.Ad-Hoc|Mixed Platforms.ActiveCfg = Release|Any CPU
		{F367C9E1-17D8-43CF-9438-DC6555EAC91F}.Ad-Hoc|Mixed Platforms.Build.0 = Release|Any CPU
		{F367C9E1-17D8-43CF-9438-DC6555EAC91F}.Ad-Hoc|x86.ActiveCfg = Release|Any CPU
		{F367C9E1-17D8-43CF-9438-DC6555EAC91F}.AppStore|Any CPU.ActiveCfg = Release|Any CPU
		{F367C9E1-17D8-43CF-9438-DC6555EAC91F}.AppStore|Any CPU.Build.0 = Release|Any CPU
		{F367C9E1-17D8-43CF-9438-DC6555EAC91F}.AppStore|ARM.ActiveCfg = Release|Any CPU
		{F367C9E1-17D8-43CF-9438-DC6555EAC91F}.AppStore|iPhone.ActiveCfg = Release|Any CPU
		{F367C9E1-17D8-43CF-9438-DC6555EAC91F}.AppStore|iPhoneSimulator.ActiveCfg = Release|Any CPU
		{F367C9E1-17D8-43CF-9438-DC6555EAC91F}.AppStore|Mixed Platforms.ActiveCfg = Release|Any CPU
		{F367C9E1-17D8-43CF-9438-DC6555EAC91F}.AppStore|Mixed Platforms.Build.0 = Release|Any CPU
		{F367C9E1-17D8-43CF-9438-DC6555EAC91F}.AppStore|x86.ActiveCfg = Release|Any CPU
		{F367C9E1-17D8-43CF-9438-DC6555EAC91F}.Debug|Any CPU.ActiveCfg = Debug|Any CPU
		{F367C9E1-17D8-43CF-9438-DC6555EAC91F}.Debug|Any CPU.Build.0 = Debug|Any CPU
		{F367C9E1-17D8-43CF-9438-DC6555EAC91F}.Debug|ARM.ActiveCfg = Debug|Any CPU
		{F367C9E1-17D8-43CF-9438-DC6555EAC91F}.Debug|iPhone.ActiveCfg = Debug|Any CPU
		{F367C9E1-17D8-43CF-9438-DC6555EAC91F}.Debug|iPhoneSimulator.ActiveCfg = Debug|Any CPU
		{F367C9E1-17D8-43CF-9438-DC6555EAC91F}.Debug|iPhoneSimulator.Build.0 = Debug|Any CPU
		{F367C9E1-17D8-43CF-9438-DC6555EAC91F}.Debug|Mixed Platforms.ActiveCfg = Debug|Any CPU
		{F367C9E1-17D8-43CF-9438-DC6555EAC91F}.Debug|Mixed Platforms.Build.0 = Debug|Any CPU
		{F367C9E1-17D8-43CF-9438-DC6555EAC91F}.Debug|x86.ActiveCfg = Debug|Any CPU
		{F367C9E1-17D8-43CF-9438-DC6555EAC91F}.Release|Any CPU.ActiveCfg = Release|Any CPU
		{F367C9E1-17D8-43CF-9438-DC6555EAC91F}.Release|Any CPU.Build.0 = Release|Any CPU
		{F367C9E1-17D8-43CF-9438-DC6555EAC91F}.Release|ARM.ActiveCfg = Release|Any CPU
		{F367C9E1-17D8-43CF-9438-DC6555EAC91F}.Release|iPhone.ActiveCfg = Release|Any CPU
		{F367C9E1-17D8-43CF-9438-DC6555EAC91F}.Release|iPhoneSimulator.ActiveCfg = Release|Any CPU
		{F367C9E1-17D8-43CF-9438-DC6555EAC91F}.Release|Mixed Platforms.ActiveCfg = Release|Any CPU
		{F367C9E1-17D8-43CF-9438-DC6555EAC91F}.Release|Mixed Platforms.Build.0 = Release|Any CPU
		{F367C9E1-17D8-43CF-9438-DC6555EAC91F}.Release|x86.ActiveCfg = Release|Any CPU
	EndGlobalSection
	GlobalSection(MonoDevelopProperties) = preSolution
		StartupItem = SimpleTodoAppXamarin\SimpleTodoAppXamarin.iOS\SimpleTodoAppXamarin.iOS.csproj
	EndGlobalSection
	GlobalSection(SolutionProperties) = preSolution
		HideSolutionNode = FALSE
	EndGlobalSection
EndGlobal
